// !$*UTF8*$!
{
	archiveVersion = 1;
	classes = {
	};
	objectVersion = 50;
	objects = {

/* Begin PBXBuildFile section */
		8DBF5CD525C8505F008BD219 /* AppDelegate.swift in Sources */ = {isa = PBXBuildFile; fileRef = 8DBF5CD425C8505F008BD219 /* AppDelegate.swift */; };
		8DBF5CD725C8505F008BD219 /* SceneDelegate.swift in Sources */ = {isa = PBXBuildFile; fileRef = 8DBF5CD625C8505F008BD219 /* SceneDelegate.swift */; };
		8DBF5CD925C8505F008BD219 /* ViewController.swift in Sources */ = {isa = PBXBuildFile; fileRef = 8DBF5CD825C8505F008BD219 /* ViewController.swift */; };
		8DBF5CDC25C8505F008BD219 /* Main.storyboard in Resources */ = {isa = PBXBuildFile; fileRef = 8DBF5CDA25C8505F008BD219 /* Main.storyboard */; };
		8DBF5CDE25C85062008BD219 /* Assets.xcassets in Resources */ = {isa = PBXBuildFile; fileRef = 8DBF5CDD25C85062008BD219 /* Assets.xcassets */; };
		8DBF5CE125C85062008BD219 /* LaunchScreen.storyboard in Resources */ = {isa = PBXBuildFile; fileRef = 8DBF5CDF25C85062008BD219 /* LaunchScreen.storyboard */; };
		8DBF5CEC25C85062008BD219 /* MemopadTests.swift in Sources */ = {isa = PBXBuildFile; fileRef = 8DBF5CEB25C85062008BD219 /* MemopadTests.swift */; };
		8DBF5CF725C85062008BD219 /* MemopadUITests.swift in Sources */ = {isa = PBXBuildFile; fileRef = 8DBF5CF625C85062008BD219 /* MemopadUITests.swift */; };
/* End PBXBuildFile section */

/* Begin PBXContainerItemProxy section */
		8DBF5CE825C85062008BD219 /* PBXContainerItemProxy */ = {
			isa = PBXContainerItemProxy;
			containerPortal = 8DBF5CC925C8505F008BD219 /* Project object */;
			proxyType = 1;
			remoteGlobalIDString = 8DBF5CD025C8505F008BD219;
			remoteInfo = Memopad;
		};
		8DBF5CF325C85062008BD219 /* PBXContainerItemProxy */ = {
			isa = PBXContainerItemProxy;
			containerPortal = 8DBF5CC925C8505F008BD219 /* Project object */;
			proxyType = 1;
			remoteGlobalIDString = 8DBF5CD025C8505F008BD219;
			remoteInfo = Memopad;
		};
/* End PBXContainerItemProxy section */

/* Begin PBXFileReference section */
		8DBF5CD125C8505F008BD219 /* Memopad.app */ = {isa = PBXFileReference; explicitFileType = wrapper.application; includeInIndex = 0; path = Memopad.app; sourceTree = BUILT_PRODUCTS_DIR; };
		8DBF5CD425C8505F008BD219 /* AppDelegate.swift */ = {isa = PBXFileReference; lastKnownFileType = sourcecode.swift; path = AppDelegate.swift; sourceTree = "<group>"; };
		8DBF5CD625C8505F008BD219 /* SceneDelegate.swift */ = {isa = PBXFileReference; lastKnownFileType = sourcecode.swift; path = SceneDelegate.swift; sourceTree = "<group>"; };
		8DBF5CD825C8505F008BD219 /* ViewController.swift */ = {isa = PBXFileReference; lastKnownFileType = sourcecode.swift; path = ViewController.swift; sourceTree = "<group>"; };
		8DBF5CDB25C8505F008BD219 /* Base */ = {isa = PBXFileReference; lastKnownFileType = file.storyboard; name = Base; path = Base.lproj/Main.storyboard; sourceTree = "<group>"; };
		8DBF5CDD25C85062008BD219 /* Assets.xcassets */ = {isa = PBXFileReference; lastKnownFileType = folder.assetcatalog; path = Assets.xcassets; sourceTree = "<group>"; };
		8DBF5CE025C85062008BD219 /* Base */ = {isa = PBXFileReference; lastKnownFileType = file.storyboard; name = Base; path = Base.lproj/LaunchScreen.storyboard; sourceTree = "<group>"; };
		8DBF5CE225C85062008BD219 /* Info.plist */ = {isa = PBXFileReference; lastKnownFileType = text.plist.xml; path = Info.plist; sourceTree = "<group>"; };
		8DBF5CE725C85062008BD219 /* MemopadTests.xctest */ = {isa = PBXFileReference; explicitFileType = wrapper.cfbundle; includeInIndex = 0; path = MemopadTests.xctest; sourceTree = BUILT_PRODUCTS_DIR; };
		8DBF5CEB25C85062008BD219 /* MemopadTests.swift */ = {isa = PBXFileReference; lastKnownFileType = sourcecode.swift; path = MemopadTests.swift; sourceTree = "<group>"; };
		8DBF5CED25C85062008BD219 /* Info.plist */ = {isa = PBXFileReference; lastKnownFileType = text.plist.xml; path = Info.plist; sourceTree = "<group>"; };
		8DBF5CF225C85062008BD219 /* MemopadUITests.xctest */ = {isa = PBXFileReference; explicitFileType = wrapper.cfbundle; includeInIndex = 0; path = MemopadUITests.xctest; sourceTree = BUILT_PRODUCTS_DIR; };
		8DBF5CF625C85062008BD219 /* MemopadUITests.swift */ = {isa = PBXFileReference; lastKnownFileType = sourcecode.swift; path = MemopadUITests.swift; sourceTree = "<group>"; };
		8DBF5CF825C85062008BD219 /* Info.plist */ = {isa = PBXFileReference; lastKnownFileType = text.plist.xml; path = Info.plist; sourceTree = "<group>"; };
/* End PBXFileReference section */

/* Begin PBXFrameworksBuildPhase section */
		8DBF5CCE25C8505F008BD219 /* Frameworks */ = {
			isa = PBXFrameworksBuildPhase;
			buildActionMask = 2147483647;
			files = (
			);
			runOnlyForDeploymentPostprocessing = 0;
		};
		8DBF5CE425C85062008BD219 /* Frameworks */ = {
			isa = PBXFrameworksBuildPhase;
			buildActionMask = 2147483647;
			files = (
			);
			runOnlyForDeploymentPostprocessing = 0;
		};
		8DBF5CEF25C85062008BD219 /* Frameworks */ = {
			isa = PBXFrameworksBuildPhase;
			buildActionMask = 2147483647;
			files = (
			);
			runOnlyForDeploymentPostprocessing = 0;
		};
/* End PBXFrameworksBuildPhase section */

/* Begin PBXGroup section */
		8DBF5CC825C8505F008BD219 = {
			isa = PBXGroup;
			children = (
				8DBF5CD325C8505F008BD219 /* Memopad */,
				8DBF5CEA25C85062008BD219 /* MemopadTests */,
				8DBF5CF525C85062008BD219 /* MemopadUITests */,
				8DBF5CD225C8505F008BD219 /* Products */,
			);
			sourceTree = "<group>";
		};
		8DBF5CD225C8505F008BD219 /* Products */ = {
			isa = PBXGroup;
			children = (
				8DBF5CD125C8505F008BD219 /* Memopad.app */,
				8DBF5CE725C85062008BD219 /* MemopadTests.xctest */,
				8DBF5CF225C85062008BD219 /* MemopadUITests.xctest */,
			);
			name = Products;
			sourceTree = "<group>";
		};
		8DBF5CD325C8505F008BD219 /* Memopad */ = {
			isa = PBXGroup;
			children = (
				8DBF5CD425C8505F008BD219 /* AppDelegate.swift */,
				8DBF5CD625C8505F008BD219 /* SceneDelegate.swift */,
				8DBF5CD825C8505F008BD219 /* ViewController.swift */,
				8DBF5CDA25C8505F008BD219 /* Main.storyboard */,
				8DBF5CDD25C85062008BD219 /* Assets.xcassets */,
				8DBF5CDF25C85062008BD219 /* LaunchScreen.storyboard */,
				8DBF5CE225C85062008BD219 /* Info.plist */,
			);
			path = Memopad;
			sourceTree = "<group>";
		};
		8DBF5CEA25C85062008BD219 /* MemopadTests */ = {
			isa = PBXGroup;
			children = (
				8DBF5CEB25C85062008BD219 /* MemopadTests.swift */,
				8DBF5CED25C85062008BD219 /* Info.plist */,
			);
			path = MemopadTests;
			sourceTree = "<group>";
		};
		8DBF5CF525C85062008BD219 /* MemopadUITests */ = {
			isa = PBXGroup;
			children = (
				8DBF5CF625C85062008BD219 /* MemopadUITests.swift */,
				8DBF5CF825C85062008BD219 /* Info.plist */,
			);
			path = MemopadUITests;
			sourceTree = "<group>";
		};
/* End PBXGroup section */

/* Begin PBXNativeTarget section */
		8DBF5CD025C8505F008BD219 /* Memopad */ = {
			isa = PBXNativeTarget;
			buildConfigurationList = 8DBF5CFB25C85062008BD219 /* Build configuration list for PBXNativeTarget "Memopad" */;
			buildPhases = (
				8DBF5CCD25C8505F008BD219 /* Sources */,
				8DBF5CCE25C8505F008BD219 /* Frameworks */,
				8DBF5CCF25C8505F008BD219 /* Resources */,
			);
			buildRules = (
			);
			dependencies = (
			);
			name = Memopad;
			productName = Memopad;
			productReference = 8DBF5CD125C8505F008BD219 /* Memopad.app */;
			productType = "com.apple.product-type.application";
		};
		8DBF5CE625C85062008BD219 /* MemopadTests */ = {
			isa = PBXNativeTarget;
			buildConfigurationList = 8DBF5CFE25C85062008BD219 /* Build configuration list for PBXNativeTarget "MemopadTests" */;
			buildPhases = (
				8DBF5CE325C85062008BD219 /* Sources */,
				8DBF5CE425C85062008BD219 /* Frameworks */,
				8DBF5CE525C85062008BD219 /* Resources */,
			);
			buildRules = (
			);
			dependencies = (
				8DBF5CE925C85062008BD219 /* PBXTargetDependency */,
			);
			name = MemopadTests;
			productName = MemopadTests;
			productReference = 8DBF5CE725C85062008BD219 /* MemopadTests.xctest */;
			productType = "com.apple.product-type.bundle.unit-test";
		};
		8DBF5CF125C85062008BD219 /* MemopadUITests */ = {
			isa = PBXNativeTarget;
			buildConfigurationList = 8DBF5D0125C85062008BD219 /* Build configuration list for PBXNativeTarget "MemopadUITests" */;
			buildPhases = (
				8DBF5CEE25C85062008BD219 /* Sources */,
				8DBF5CEF25C85062008BD219 /* Frameworks */,
				8DBF5CF025C85062008BD219 /* Resources */,
			);
			buildRules = (
			);
			dependencies = (
				8DBF5CF425C85062008BD219 /* PBXTargetDependency */,
			);
			name = MemopadUITests;
			productName = MemopadUITests;
			productReference = 8DBF5CF225C85062008BD219 /* MemopadUITests.xctest */;
			productType = "com.apple.product-type.bundle.ui-testing";
		};
/* End PBXNativeTarget section */

/* Begin PBXProject section */
		8DBF5CC925C8505F008BD219 /* Project object */ = {
			isa = PBXProject;
			attributes = {
				LastSwiftUpdateCheck = 1240;
				LastUpgradeCheck = 1240;
				TargetAttributes = {
					8DBF5CD025C8505F008BD219 = {
						CreatedOnToolsVersion = 12.4;
					};
					8DBF5CE625C85062008BD219 = {
						CreatedOnToolsVersion = 12.4;
						TestTargetID = 8DBF5CD025C8505F008BD219;
					};
					8DBF5CF125C85062008BD219 = {
						CreatedOnToolsVersion = 12.4;
						TestTargetID = 8DBF5CD025C8505F008BD219;
					};
				};
			};
			buildConfigurationList = 8DBF5CCC25C8505F008BD219 /* Build configuration list for PBXProject "Memopad" */;
			compatibilityVersion = "Xcode 9.3";
			developmentRegion = en;
			hasScannedForEncodings = 0;
			knownRegions = (
				en,
				Base,
			);
			mainGroup = 8DBF5CC825C8505F008BD219;
			productRefGroup = 8DBF5CD225C8505F008BD219 /* Products */;
			projectDirPath = "";
			projectRoot = "";
			targets = (
				8DBF5CD025C8505F008BD219 /* Memopad */,
				8DBF5CE625C85062008BD219 /* MemopadTests */,
				8DBF5CF125C85062008BD219 /* MemopadUITests */,
			);
		};
/* End PBXProject section */

/* Begin PBXResourcesBuildPhase section */
		8DBF5CCF25C8505F008BD219 /* Resources */ = {
			isa = PBXResourcesBuildPhase;
			buildActionMask = 2147483647;
			files = (
				8DBF5CE125C85062008BD219 /* LaunchScreen.storyboard in Resources */,
				8DBF5CDE25C85062008BD219 /* Assets.xcassets in Resources */,
				8DBF5CDC25C8505F008BD219 /* Main.storyboard in Resources */,
			);
			runOnlyForDeploymentPostprocessing = 0;
		};
		8DBF5CE525C85062008BD219 /* Resources */ = {
			isa = PBXResourcesBuildPhase;
			buildActionMask = 2147483647;
			files = (
			);
			runOnlyForDeploymentPostprocessing = 0;
		};
		8DBF5CF025C85062008BD219 /* Resources */ = {
			isa = PBXResourcesBuildPhase;
			buildActionMask = 2147483647;
			files = (
			);
			runOnlyForDeploymentPostprocessing = 0;
		};
/* End PBXResourcesBuildPhase section */

/* Begin PBXSourcesBuildPhase section */
		8DBF5CCD25C8505F008BD219 /* Sources */ = {
			isa = PBXSourcesBuildPhase;
			buildActionMask = 2147483647;
			files = (
				8DBF5CD925C8505F008BD219 /* ViewController.swift in Sources */,
				8DBF5CD525C8505F008BD219 /* AppDelegate.swift in Sources */,
				8DBF5CD725C8505F008BD219 /* SceneDelegate.swift in Sources */,
			);
			runOnlyForDeploymentPostprocessing = 0;
		};
		8DBF5CE325C85062008BD219 /* Sources */ = {
			isa = PBXSourcesBuildPhase;
			buildActionMask = 2147483647;
			files = (
				8DBF5CEC25C85062008BD219 /* MemopadTests.swift in Sources */,
			);
			runOnlyForDeploymentPostprocessing = 0;
		};
		8DBF5CEE25C85062008BD219 /* Sources */ = {
			isa = PBXSourcesBuildPhase;
			buildActionMask = 2147483647;
			files = (
				8DBF5CF725C85062008BD219 /* MemopadUITests.swift in Sources */,
			);
			runOnlyForDeploymentPostprocessing = 0;
		};
/* End PBXSourcesBuildPhase section */

/* Begin PBXTargetDependency section */
		8DBF5CE925C85062008BD219 /* PBXTargetDependency */ = {
			isa = PBXTargetDependency;
			target = 8DBF5CD025C8505F008BD219 /* Memopad */;
			targetProxy = 8DBF5CE825C85062008BD219 /* PBXContainerItemProxy */;
		};
		8DBF5CF425C85062008BD219 /* PBXTargetDependency */ = {
			isa = PBXTargetDependency;
			target = 8DBF5CD025C8505F008BD219 /* Memopad */;
			targetProxy = 8DBF5CF325C85062008BD219 /* PBXContainerItemProxy */;
		};
/* End PBXTargetDependency section */

/* Begin PBXVariantGroup section */
		8DBF5CDA25C8505F008BD219 /* Main.storyboard */ = {
			isa = PBXVariantGroup;
			children = (
				8DBF5CDB25C8505F008BD219 /* Base */,
			);
			name = Main.storyboard;
			sourceTree = "<group>";
		};
		8DBF5CDF25C85062008BD219 /* LaunchScreen.storyboard */ = {
			isa = PBXVariantGroup;
			children = (
				8DBF5CE025C85062008BD219 /* Base */,
			);
			name = LaunchScreen.storyboard;
			sourceTree = "<group>";
		};
/* End PBXVariantGroup section */

/* Begin XCBuildConfiguration section */
		8DBF5CF925C85062008BD219 /* Debug */ = {
			isa = XCBuildConfiguration;
			buildSettings = {
				ALWAYS_SEARCH_USER_PATHS = NO;
				CLANG_ANALYZER_NONNULL = YES;
				CLANG_ANALYZER_NUMBER_OBJECT_CONVERSION = YES_AGGRESSIVE;
				CLANG_CXX_LANGUAGE_STANDARD = "gnu++14";
				CLANG_CXX_LIBRARY = "libc++";
				CLANG_ENABLE_MODULES = YES;
				CLANG_ENABLE_OBJC_ARC = YES;
				CLANG_ENABLE_OBJC_WEAK = YES;
				CLANG_WARN_BLOCK_CAPTURE_AUTORELEASING = YES;
				CLANG_WARN_BOOL_CONVERSION = YES;
				CLANG_WARN_COMMA = YES;
				CLANG_WARN_CONSTANT_CONVERSION = YES;
				CLANG_WARN_DEPRECATED_OBJC_IMPLEMENTATIONS = YES;
				CLANG_WARN_DIRECT_OBJC_ISA_USAGE = YES_ERROR;
				CLANG_WARN_DOCUMENTATION_COMMENTS = YES;
				CLANG_WARN_EMPTY_BODY = YES;
				CLANG_WARN_ENUM_CONVERSION = YES;
				CLANG_WARN_INFINITE_RECURSION = YES;
				CLANG_WARN_INT_CONVERSION = YES;
				CLANG_WARN_NON_LITERAL_NULL_CONVERSION = YES;
				CLANG_WARN_OBJC_IMPLICIT_RETAIN_SELF = YES;
				CLANG_WARN_OBJC_LITERAL_CONVERSION = YES;
				CLANG_WARN_OBJC_ROOT_CLASS = YES_ERROR;
				CLANG_WARN_QUOTED_INCLUDE_IN_FRAMEWORK_HEADER = YES;
				CLANG_WARN_RANGE_LOOP_ANALYSIS = YES;
				CLANG_WARN_STRICT_PROTOTYPES = YES;
				CLANG_WARN_SUSPICIOUS_MOVE = YES;
				CLANG_WARN_UNGUARDED_AVAILABILITY = YES_AGGRESSIVE;
				CLANG_WARN_UNREACHABLE_CODE = YES;
				CLANG_WARN__DUPLICATE_METHOD_MATCH = YES;
				COPY_PHASE_STRIP = NO;
				DEBUG_INFORMATION_FORMAT = dwarf;
				ENABLE_STRICT_OBJC_MSGSEND = YES;
				ENABLE_TESTABILITY = YES;
				GCC_C_LANGUAGE_STANDARD = gnu11;
				GCC_DYNAMIC_NO_PIC = NO;
				GCC_NO_COMMON_BLOCKS = YES;
				GCC_OPTIMIZATION_LEVEL = 0;
				GCC_PREPROCESSOR_DEFINITIONS = (
					"DEBUG=1",
					"$(inherited)",
				);
				GCC_WARN_64_TO_32_BIT_CONVERSION = YES;
				GCC_WARN_ABOUT_RETURN_TYPE = YES_ERROR;
				GCC_WARN_UNDECLARED_SELECTOR = YES;
				GCC_WARN_UNINITIALIZED_AUTOS = YES_AGGRESSIVE;
				GCC_WARN_UNUSED_FUNCTION = YES;
				GCC_WARN_UNUSED_VARIABLE = YES;
				IPHONEOS_DEPLOYMENT_TARGET = 14.4;
				MTL_ENABLE_DEBUG_INFO = INCLUDE_SOURCE;
				MTL_FAST_MATH = YES;
				ONLY_ACTIVE_ARCH = YES;
				SDKROOT = iphoneos;
				SWIFT_ACTIVE_COMPILATION_CONDITIONS = DEBUG;
				SWIFT_OPTIMIZATION_LEVEL = "-Onone";
			};
			name = Debug;
		};
		8DBF5CFA25C85062008BD219 /* Release */ = {
			isa = XCBuildConfiguration;
			buildSettings = {
				ALWAYS_SEARCH_USER_PATHS = NO;
				CLANG_ANALYZER_NONNULL = YES;
				CLANG_ANALYZER_NUMBER_OBJECT_CONVERSION = YES_AGGRESSIVE;
				CLANG_CXX_LANGUAGE_STANDARD = "gnu++14";
				CLANG_CXX_LIBRARY = "libc++";
				CLANG_ENABLE_MODULES = YES;
				CLANG_ENABLE_OBJC_ARC = YES;
				CLANG_ENABLE_OBJC_WEAK = YES;
				CLANG_WARN_BLOCK_CAPTURE_AUTORELEASING = YES;
				CLANG_WARN_BOOL_CONVERSION = YES;
				CLANG_WARN_COMMA = YES;
				CLANG_WARN_CONSTANT_CONVERSION = YES;
				CLANG_WARN_DEPRECATED_OBJC_IMPLEMENTATIONS = YES;
				CLANG_WARN_DIRECT_OBJC_ISA_USAGE = YES_ERROR;
				CLANG_WARN_DOCUMENTATION_COMMENTS = YES;
				CLANG_WARN_EMPTY_BODY = YES;
				CLANG_WARN_ENUM_CONVERSION = YES;
				CLANG_WARN_INFINITE_RECURSION = YES;
				CLANG_WARN_INT_CONVERSION = YES;
				CLANG_WARN_NON_LITERAL_NULL_CONVERSION = YES;
				CLANG_WARN_OBJC_IMPLICIT_RETAIN_SELF = YES;
				CLANG_WARN_OBJC_LITERAL_CONVERSION = YES;
				CLANG_WARN_OBJC_ROOT_CLASS = YES_ERROR;
				CLANG_WARN_QUOTED_INCLUDE_IN_FRAMEWORK_HEADER = YES;
				CLANG_WARN_RANGE_LOOP_ANALYSIS = YES;
				CLANG_WARN_STRICT_PROTOTYPES = YES;
				CLANG_WARN_SUSPICIOUS_MOVE = YES;
				CLANG_WARN_UNGUARDED_AVAILABILITY = YES_AGGRESSIVE;
				CLANG_WARN_UNREACHABLE_CODE = YES;
				CLANG_WARN__DUPLICATE_METHOD_MATCH = YES;
				COPY_PHASE_STRIP = NO;
				DEBUG_INFORMATION_FORMAT = "dwarf-with-dsym";
				ENABLE_NS_ASSERTIONS = NO;
				ENABLE_STRICT_OBJC_MSGSEND = YES;
				GCC_C_LANGUAGE_STANDARD = gnu11;
				GCC_NO_COMMON_BLOCKS = YES;
				GCC_WARN_64_TO_32_BIT_CONVERSION = YES;
				GCC_WARN_ABOUT_RETURN_TYPE = YES_ERROR;
				GCC_WARN_UNDECLARED_SELECTOR = YES;
				GCC_WARN_UNINITIALIZED_AUTOS = YES_AGGRESSIVE;
				GCC_WARN_UNUSED_FUNCTION = YES;
				GCC_WARN_UNUSED_VARIABLE = YES;
				IPHONEOS_DEPLOYMENT_TARGET = 14.4;
				MTL_ENABLE_DEBUG_INFO = NO;
				MTL_FAST_MATH = YES;
				SDKROOT = iphoneos;
				SWIFT_COMPILATION_MODE = wholemodule;
				SWIFT_OPTIMIZATION_LEVEL = "-O";
				VALIDATE_PRODUCT = YES;
			};
			name = Release;
		};
		8DBF5CFC25C85062008BD219 /* Debug */ = {
			isa = XCBuildConfiguration;
			buildSettings = {
				ASSETCATALOG_COMPILER_APPICON_NAME = AppIcon;
				ASSETCATALOG_COMPILER_GLOBAL_ACCENT_COLOR_NAME = AccentColor;
				CODE_SIGN_STYLE = Automatic;
				INFOPLIST_FILE = Memopad/Info.plist;
				LD_RUNPATH_SEARCH_PATHS = (
					"$(inherited)",
					"@executable_path/Frameworks",
				);
				PRODUCT_BUNDLE_IDENTIFIER = app.yasunaga.taruto.Memopad;
				PRODUCT_NAME = "$(TARGET_NAME)";
				SWIFT_VERSION = 5.0;
				TARGETED_DEVICE_FAMILY = "1,2";
			};
			name = Debug;
		};
		8DBF5CFD25C85062008BD219 /* Release */ = {
			isa = XCBuildConfiguration;
			buildSettings = {
				ASSETCATALOG_COMPILER_APPICON_NAME = AppIcon;
				ASSETCATALOG_COMPILER_GLOBAL_ACCENT_COLOR_NAME = AccentColor;
				CODE_SIGN_STYLE = Automatic;
				INFOPLIST_FILE = Memopad/Info.plist;
				LD_RUNPATH_SEARCH_PATHS = (
					"$(inherited)",
					"@executable_path/Frameworks",
				);
				PRODUCT_BUNDLE_IDENTIFIER = app.yasunaga.taruto.Memopad;
				PRODUCT_NAME = "$(TARGET_NAME)";
				SWIFT_VERSION = 5.0;
				TARGETED_DEVICE_FAMILY = "1,2";
			};
			name = Release;
		};
		8DBF5CFF25C85062008BD219 /* Debug */ = {
			isa = XCBuildConfiguration;
			buildSettings = {
				ALWAYS_EMBED_SWIFT_STANDARD_LIBRARIES = YES;
				BUNDLE_LOADER = "$(TEST_HOST)";
				CODE_SIGN_STYLE = Automatic;
				INFOPLIST_FILE = MemopadTests/Info.plist;
				IPHONEOS_DEPLOYMENT_TARGET = 14.4;
				LD_RUNPATH_SEARCH_PATHS = (
					"$(inherited)",
					"@executable_path/Frameworks",
					"@loader_path/Frameworks",
				);
				PRODUCT_BUNDLE_IDENTIFIER = app.yasunaga.taruto.MemopadTests;
				PRODUCT_NAME = "$(TARGET_NAME)";
				SWIFT_VERSION = 5.0;
				TARGETED_DEVICE_FAMILY = "1,2";
				TEST_HOST = "$(BUILT_PRODUCTS_DIR)/Memopad.app/Memopad";
			};
			name = Debug;
		};
		8DBF5D0025C85062008BD219 /* Release */ = {
			isa = XCBuildConfiguration;
			buildSettings = {
				ALWAYS_EMBED_SWIFT_STANDARD_LIBRARIES = YES;
				BUNDLE_LOADER = "$(TEST_HOST)";
				CODE_SIGN_STYLE = Automatic;
				INFOPLIST_FILE = MemopadTests/Info.plist;
				IPHONEOS_DEPLOYMENT_TARGET = 14.4;
				LD_RUNPATH_SEARCH_PATHS = (
					"$(inherited)",
					"@executable_path/Frameworks",
					"@loader_path/Frameworks",
				);
				PRODUCT_BUNDLE_IDENTIFIER = app.yasunaga.taruto.MemopadTests;
				PRODUCT_NAME = "$(TARGET_NAME)";
				SWIFT_VERSION = 5.0;
				TARGETED_DEVICE_FAMILY = "1,2";
				TEST_HOST = "$(BUILT_PRODUCTS_DIR)/Memopad.app/Memopad";
			};
			name = Release;
		};
		8DBF5D0225C85062008BD219 /* Debug */ = {
			isa = XCBuildConfiguration;
			buildSettings = {
				ALWAYS_EMBED_SWIFT_STANDARD_LIBRARIES = YES;
				CODE_SIGN_STYLE = Automatic;
				INFOPLIST_FILE = MemopadUITests/Info.plist;
				LD_RUNPATH_SEARCH_PATHS = (
					"$(inherited)",
					"@executable_path/Frameworks",
					"@loader_path/Frameworks",
				);
				PRODUCT_BUNDLE_IDENTIFIER = app.yasunaga.taruto.MemopadUITests;
				PRODUCT_NAME = "$(TARGET_NAME)";
				SWIFT_VERSION = 5.0;
				TARGETED_DEVICE_FAMILY = "1,2";
				TEST_TARGET_NAME = Memopad;
			};
			name = Debug;
		};
		8DBF5D0325C85062008BD219 /* Release */ = {
			isa = XCBuildConfiguration;
			buildSettings = {
				ALWAYS_EMBED_SWIFT_STANDARD_LIBRARIES = YES;
				CODE_SIGN_STYLE = Automatic;
				INFOPLIST_FILE = MemopadUITests/Info.plist;
				LD_RUNPATH_SEARCH_PATHS = (
					"$(inherited)",
					"@executable_path/Frameworks",
					"@loader_path/Frameworks",
				);
				PRODUCT_BUNDLE_IDENTIFIER = app.yasunaga.taruto.MemopadUITests;
				PRODUCT_NAME = "$(TARGET_NAME)";
				SWIFT_VERSION = 5.0;
				TARGETED_DEVICE_FAMILY = "1,2";
				TEST_TARGET_NAME = Memopad;
			};
			name = Release;
		};
/* End XCBuildConfiguration section */

/* Begin XCConfigurationList section */
		8DBF5CCC25C8505F008BD219 /* Build configuration list for PBXProject "Memopad" */ = {
			isa = XCConfigurationList;
			buildConfigurations = (
				8DBF5CF925C85062008BD219 /* Debug */,
				8DBF5CFA25C85062008BD219 /* Release */,
			);
			defaultConfigurationIsVisible = 0;
			defaultConfigurationName = Release;
		};
		8DBF5CFB25C85062008BD219 /* Build configuration list for PBXNativeTarget "Memopad" */ = {
			isa = XCConfigurationList;
			buildConfigurations = (
				8DBF5CFC25C85062008BD219 /* Debug */,
				8DBF5CFD25C85062008BD219 /* Release */,
			);
			defaultConfigurationIsVisible = 0;
			defaultConfigurationName = Release;
		};
		8DBF5CFE25C85062008BD219 /* Build configuration list for PBXNativeTarget "MemopadTests" */ = {
			isa = XCConfigurationList;
			buildConfigurations = (
				8DBF5CFF25C85062008BD219 /* Debug */,
				8DBF5D0025C85062008BD219 /* Release */,
			);
			defaultConfigurationIsVisible = 0;
			defaultConfigurationName = Release;
		};
		8DBF5D0125C85062008BD219 /* Build configuration list for PBXNativeTarget "MemopadUITests" */ = {
			isa = XCConfigurationList;
			buildConfigurations = (
				8DBF5D0225C85062008BD219 /* Debug */,
				8DBF5D0325C85062008BD219 /* Release */,
			);
			defaultConfigurationIsVisible = 0;
			defaultConfigurationName = Release;
		};
/* End XCConfigurationList section */
	};
	rootObject = 8DBF5CC925C8505F008BD219 /* Project object */;
}
